
Microsoft Visual Studio Solution File, Format Version 12.00
# Visual Studio 15
VisualStudioVersion = 15.0.27428.2015
MinimumVisualStudioVersion = 10.0.40219.1
Project("{FAE04EC0-301F-11D3-BF4B-00C04F79EFBC}") = "XDZ.RolePermission.Model", "XDZ.RolePermission.Model\XDZ.RolePermission.Model.csproj", "{C0806081-F674-4D75-8DB5-6D971ACDCC82}"
EndProject
Project("{FAE04EC0-301F-11D3-BF4B-00C04F79EFBC}") = "XDZ.RolePermission.EFDAL", "XDZ.RolePermission.EFDAL\XDZ.RolePermission.EFDAL.csproj", "{6FEF7838-190F-427D-BEC2-120DC21A91F0}"
EndProject
Project("{FAE04EC0-301F-11D3-BF4B-00C04F79EFBC}") = "XDZ.RolePermission.BLL", "XDZ.RolePermission.BLL\XDZ.RolePermission.BLL.csproj", "{8A38F3F0-CB3A-4DB3-AD0E-91529DC6883D}"
EndProject
Project("{FAE04EC0-301F-11D3-BF4B-00C04F79EFBC}") = "XDZ.RolePermission.Common", "XDZ.RolePermission.Common\XDZ.RolePermission.Common.csproj", "{C372B8CE-CCF1-4061-BFB6-5A71B7AF6151}"
EndProject
Project("{FAE04EC0-301F-11D3-BF4B-00C04F79EFBC}") = "XDZ.RolePermission.UI.Portal", "XDZ.RolePermission.UI.Portal\XDZ.RolePermission.UI.Portal.csproj", "{234EEEC7-E08D-471B-8314-05301D3AECB6}"
EndProject
Project("{2150E333-8FDC-42A3-9474-1A3956D46DE8}") = "BLL", "BLL", "{CC476D35-FC92-4A7A-9417-BC7B684CC7C9}"
EndProject
Project("{2150E333-8FDC-42A3-9474-1A3956D46DE8}") = "Common", "Common", "{C23EB2F4-E251-4154-8283-F22535BBFB03}"
EndProject
Project("{2150E333-8FDC-42A3-9474-1A3956D46DE8}") = "DAL", "DAL", "{A8B62410-3B42-4AC8-A816-E20EB67E69F7}"
EndProject
Project("{2150E333-8FDC-42A3-9474-1A3956D46DE8}") = "Model", "Model", "{80DF3CA3-F36F-4A0B-8738-AFDAC4CD3E70}"
EndProject
Project("{2150E333-8FDC-42A3-9474-1A3956D46DE8}") = "UI", "UI", "{DE1B8C47-1F58-414B-9B2F-6BCBBF3FC0D8}"
EndProject
Project("{2150E333-8FDC-42A3-9474-1A3956D46DE8}") = "Demos", "Demos", "{1EBD9886-9956-4A47-888C-8881820663B3}"
EndProject
Project("{FAE04EC0-301F-11D3-BF4B-00C04F79EFBC}") = "EFDemo", "EFDemo\EFDemo.csproj", "{0AEE4242-F880-4644-8800-14FD67998EF1}"
EndProject
Project("{2150E333-8FDC-42A3-9474-1A3956D46DE8}") = "UnitTest", "UnitTest", "{5BE84C60-8463-4BAC-9316-99AE484EC88B}"
EndProject
Project("{FAE04EC0-301F-11D3-BF4B-00C04F79EFBC}") = "XDZ.RolePermission.EFDALTests", "XDZ.RolePermission.EFDALTests\XDZ.RolePermission.EFDALTests.csproj", "{E14F77A8-E0E5-49B5-BA77-6C940D53E028}"
EndProject
Project("{FAE04EC0-301F-11D3-BF4B-00C04F79EFBC}") = "XDZ.RolePermission.IDAL", "XDZ.RolePermission.IDAL\XDZ.RolePermission.IDAL.csproj", "{0A1B5DAA-BCE1-4C99-957C-2A3355979006}"
EndProject
Project("{FAE04EC0-301F-11D3-BF4B-00C04F79EFBC}") = "XDZ.RolePermission.NHDAL", "XDZ.RolePermission.NHDAL\XDZ.RolePermission.NHDAL.csproj", "{86E19007-1312-4DAF-840E-F2A24722FE49}"
EndProject
Project("{FAE04EC0-301F-11D3-BF4B-00C04F79EFBC}") = "XDZ.RolePermission.DALFactory", "XDZ.RolePermission.DALFactory\XDZ.RolePermission.DALFactory.csproj", "{98C428AB-33AC-4C94-94F1-B60B3D1BB21D}"
EndProject
Project("{FAE04EC0-301F-11D3-BF4B-00C04F79EFBC}") = "XDZ.RolePermission.IBLL", "XDZ.RolePermission.IBLL\XDZ.RolePermission.IBLL.csproj", "{160252EF-3ACF-42FC-8585-9D32F74BA061}"
EndProject
Project("{FAE04EC0-301F-11D3-BF4B-00C04F79EFBC}") = "SpringNetDemo", "SpringNetDemo\SpringNetDemo.csproj", "{76ADD1E9-1B7F-4D7C-9A6C-49BB16D4EED9}"
EndProject
Project("{FAE04EC0-301F-11D3-BF4B-00C04F79EFBC}") = "T4Demos", "T4Demos\T4Demos.csproj", "{DBB00872-F8CE-4926-AD2E-9F7C031D883A}"
EndProject
Project("{FAE04EC0-301F-11D3-BF4B-00C04F79EFBC}") = "MVCFilterDemoV2", "MVCFilterDemoV2\MVCFilterDemoV2.csproj", "{30957373-4678-4106-91F5-CB3D4449DC96}"
EndProject
Project("{FAE04EC0-301F-11D3-BF4B-00C04F79EFBC}") = "Log4NetDemo", "Log4NetDemo\Log4NetDemo.csproj", "{C0147B46-ADB7-4753-A992-FAFFA8363FE7}"
EndProject
Project("{FAE04EC0-301F-11D3-BF4B-00C04F79EFBC}") = "MemcacheDemo", "MemcacheDemo\MemcacheDemo.csproj", "{F386C92D-9D97-43B8-AB17-3EFA6688E1E3}"
EndProject
Project("{FAE04EC0-301F-11D3-BF4B-00C04F79EFBC}") = "RedisDemo", "RedisDemo\RedisDemo.csproj", "{8356B2F9-F6FB-407F-B3F8-DE14C2D02D9E}"
EndProject
Global
	GlobalSection(SolutionConfigurationPlatforms) = preSolution
		Debug|Any CPU = Debug|Any CPU
		Release|Any CPU = Release|Any CPU
	EndGlobalSection
	GlobalSection(ProjectConfigurationPlatforms) = postSolution
		{C0806081-F674-4D75-8DB5-6D971ACDCC82}.Debug|Any CPU.ActiveCfg = Debug|Any CPU
		{C0806081-F674-4D75-8DB5-6D971ACDCC82}.Debug|Any CPU.Build.0 = Debug|Any CPU
		{C0806081-F674-4D75-8DB5-6D971ACDCC82}.Release|Any CPU.ActiveCfg = Release|Any CPU
		{C0806081-F674-4D75-8DB5-6D971ACDCC82}.Release|Any CPU.Build.0 = Release|Any CPU
		{6FEF7838-190F-427D-BEC2-120DC21A91F0}.Debug|Any CPU.ActiveCfg = Debug|Any CPU
		{6FEF7838-190F-427D-BEC2-120DC21A91F0}.Debug|Any CPU.Build.0 = Debug|Any CPU
		{6FEF7838-190F-427D-BEC2-120DC21A91F0}.Release|Any CPU.ActiveCfg = Release|Any CPU
		{6FEF7838-190F-427D-BEC2-120DC21A91F0}.Release|Any CPU.Build.0 = Release|Any CPU
		{8A38F3F0-CB3A-4DB3-AD0E-91529DC6883D}.Debug|Any CPU.ActiveCfg = Debug|Any CPU
		{8A38F3F0-CB3A-4DB3-AD0E-91529DC6883D}.Debug|Any CPU.Build.0 = Debug|Any CPU
		{8A38F3F0-CB3A-4DB3-AD0E-91529DC6883D}.Release|Any CPU.ActiveCfg = Release|Any CPU
		{8A38F3F0-CB3A-4DB3-AD0E-91529DC6883D}.Release|Any CPU.Build.0 = Release|Any CPU
		{C372B8CE-CCF1-4061-BFB6-5A71B7AF6151}.Debug|Any CPU.ActiveCfg = Debug|Any CPU
		{C372B8CE-CCF1-4061-BFB6-5A71B7AF6151}.Debug|Any CPU.Build.0 = Debug|Any CPU
		{C372B8CE-CCF1-4061-BFB6-5A71B7AF6151}.Release|Any CPU.ActiveCfg = Release|Any CPU
		{C372B8CE-CCF1-4061-BFB6-5A71B7AF6151}.Release|Any CPU.Build.0 = Release|Any CPU
		{234EEEC7-E08D-471B-8314-05301D3AECB6}.Debug|Any CPU.ActiveCfg = Debug|Any CPU
		{234EEEC7-E08D-471B-8314-05301D3AECB6}.Debug|Any CPU.Build.0 = Debug|Any CPU
		{234EEEC7-E08D-471B-8314-05301D3AECB6}.Release|Any CPU.ActiveCfg = Release|Any CPU
		{234EEEC7-E08D-471B-8314-05301D3AECB6}.Release|Any CPU.Build.0 = Release|Any CPU
		{0AEE4242-F880-4644-8800-14FD67998EF1}.Debug|Any CPU.ActiveCfg = Debug|Any CPU
		{0AEE4242-F880-4644-8800-14FD67998EF1}.Debug|Any CPU.Build.0 = Debug|Any CPU
		{0AEE4242-F880-4644-8800-14FD67998EF1}.Release|Any CPU.ActiveCfg = Release|Any CPU
		{0AEE4242-F880-4644-8800-14FD67998EF1}.Release|Any CPU.Build.0 = Release|Any CPU
		{E14F77A8-E0E5-49B5-BA77-6C940D53E028}.Debug|Any CPU.ActiveCfg = Debug|Any CPU
		{E14F77A8-E0E5-49B5-BA77-6C940D53E028}.Debug|Any CPU.Build.0 = Debug|Any CPU
		{E14F77A8-E0E5-49B5-BA77-6C940D53E028}.Release|Any CPU.ActiveCfg = Release|Any CPU
		{E14F77A8-E0E5-49B5-BA77-6C940D53E028}.Release|Any CPU.Build.0 = Release|Any CPU
		{0A1B5DAA-BCE1-4C99-957C-2A3355979006}.Debug|Any CPU.ActiveCfg = Debug|Any CPU
		{0A1B5DAA-BCE1-4C99-957C-2A3355979006}.Debug|Any CPU.Build.0 = Debug|Any CPU
		{0A1B5DAA-BCE1-4C99-957C-2A3355979006}.Release|Any CPU.ActiveCfg = Release|Any CPU
		{0A1B5DAA-BCE1-4C99-957C-2A3355979006}.Release|Any CPU.Build.0 = Release|Any CPU
		{86E19007-1312-4DAF-840E-F2A24722FE49}.Debug|Any CPU.ActiveCfg = Debug|Any CPU
		{86E19007-1312-4DAF-840E-F2A24722FE49}.Debug|Any CPU.Build.0 = Debug|Any CPU
		{86E19007-1312-4DAF-840E-F2A24722FE49}.Release|Any CPU.ActiveCfg = Release|Any CPU
		{86E19007-1312-4DAF-840E-F2A24722FE49}.Release|Any CPU.Build.0 = Release|Any CPU
		{98C428AB-33AC-4C94-94F1-B60B3D1BB21D}.Debug|Any CPU.ActiveCfg = Debug|Any CPU
		{98C428AB-33AC-4C94-94F1-B60B3D1BB21D}.Debug|Any CPU.Build.0 = Debug|Any CPU
		{98C428AB-33AC-4C94-94F1-B60B3D1BB21D}.Release|Any CPU.ActiveCfg = Release|Any CPU
		{98C428AB-33AC-4C94-94F1-B60B3D1BB21D}.Release|Any CPU.Build.0 = Release|Any CPU
		{160252EF-3ACF-42FC-8585-9D32F74BA061}.Debug|Any CPU.ActiveCfg = Debug|Any CPU
		{160252EF-3ACF-42FC-8585-9D32F74BA061}.Debug|Any CPU.Build.0 = Debug|Any CPU
		{160252EF-3ACF-42FC-8585-9D32F74BA061}.Release|Any CPU.ActiveCfg = Release|Any CPU
		{160252EF-3ACF-42FC-8585-9D32F74BA061}.Release|Any CPU.Build.0 = Release|Any CPU
		{76ADD1E9-1B7F-4D7C-9A6C-49BB16D4EED9}.Debug|Any CPU.ActiveCfg = Debug|Any CPU
		{76ADD1E9-1B7F-4D7C-9A6C-49BB16D4EED9}.Debug|Any CPU.Build.0 = Debug|Any CPU
		{76ADD1E9-1B7F-4D7C-9A6C-49BB16D4EED9}.Release|Any CPU.ActiveCfg = Release|Any CPU
		{76ADD1E9-1B7F-4D7C-9A6C-49BB16D4EED9}.Release|Any CPU.Build.0 = Release|Any CPU
		{DBB00872-F8CE-4926-AD2E-9F7C031D883A}.Debug|Any CPU.ActiveCfg = Debug|Any CPU
		{DBB00872-F8CE-4926-AD2E-9F7C031D883A}.Debug|Any CPU.Build.0 = Debug|Any CPU
		{DBB00872-F8CE-4926-AD2E-9F7C031D883A}.Release|Any CPU.ActiveCfg = Release|Any CPU
		{DBB00872-F8CE-4926-AD2E-9F7C031D883A}.Release|Any CPU.Build.0 = Release|Any CPU
		{30957373-4678-4106-91F5-CB3D4449DC96}.Debug|Any CPU.ActiveCfg = Debug|Any CPU
		{30957373-4678-4106-91F5-CB3D4449DC96}.Debug|Any CPU.Build.0 = Debug|Any CPU
		{30957373-4678-4106-91F5-CB3D4449DC96}.Release|Any CPU.ActiveCfg = Release|Any CPU
		{30957373-4678-4106-91F5-CB3D4449DC96}.Release|Any CPU.Build.0 = Release|Any CPU
		{C0147B46-ADB7-4753-A992-FAFFA8363FE7}.Debug|Any CPU.ActiveCfg = Debug|Any CPU
		{C0147B46-ADB7-4753-A992-FAFFA8363FE7}.Debug|Any CPU.Build.0 = Debug|Any CPU
		{C0147B46-ADB7-4753-A992-FAFFA8363FE7}.Release|Any CPU.ActiveCfg = Release|Any CPU
		{C0147B46-ADB7-4753-A992-FAFFA8363FE7}.Release|Any CPU.Build.0 = Release|Any CPU
		{F386C92D-9D97-43B8-AB17-3EFA6688E1E3}.Debug|Any CPU.ActiveCfg = Debug|Any CPU
		{F386C92D-9D97-43B8-AB17-3EFA6688E1E3}.Debug|Any CPU.Build.0 = Debug|Any CPU
		{F386C92D-9D97-43B8-AB17-3EFA6688E1E3}.Release|Any CPU.ActiveCfg = Release|Any CPU
		{F386C92D-9D97-43B8-AB17-3EFA6688E1E3}.Release|Any CPU.Build.0 = Release|Any CPU
		{8356B2F9-F6FB-407F-B3F8-DE14C2D02D9E}.Debug|Any CPU.ActiveCfg = Debug|Any CPU
		{8356B2F9-F6FB-407F-B3F8-DE14C2D02D9E}.Debug|Any CPU.Build.0 = Debug|Any CPU
		{8356B2F9-F6FB-407F-B3F8-DE14C2D02D9E}.Release|Any CPU.ActiveCfg = Release|Any CPU
		{8356B2F9-F6FB-407F-B3F8-DE14C2D02D9E}.Release|Any CPU.Build.0 = Release|Any CPU
	EndGlobalSection
	GlobalSection(SolutionProperties) = preSolution
		HideSolutionNode = FALSE
	EndGlobalSection
	GlobalSection(NestedProjects) = preSolution
		{C0806081-F674-4D75-8DB5-6D971ACDCC82} = {80DF3CA3-F36F-4A0B-8738-AFDAC4CD3E70}
		{6FEF7838-190F-427D-BEC2-120DC21A91F0} = {A8B62410-3B42-4AC8-A816-E20EB67E69F7}
		{8A38F3F0-CB3A-4DB3-AD0E-91529DC6883D} = {CC476D35-FC92-4A7A-9417-BC7B684CC7C9}
		{C372B8CE-CCF1-4061-BFB6-5A71B7AF6151} = {C23EB2F4-E251-4154-8283-F22535BBFB03}
		{234EEEC7-E08D-471B-8314-05301D3AECB6} = {DE1B8C47-1F58-414B-9B2F-6BCBBF3FC0D8}
		{0AEE4242-F880-4644-8800-14FD67998EF1} = {1EBD9886-9956-4A47-888C-8881820663B3}
		{E14F77A8-E0E5-49B5-BA77-6C940D53E028} = {5BE84C60-8463-4BAC-9316-99AE484EC88B}
		{0A1B5DAA-BCE1-4C99-957C-2A3355979006} = {A8B62410-3B42-4AC8-A816-E20EB67E69F7}
		{86E19007-1312-4DAF-840E-F2A24722FE49} = {A8B62410-3B42-4AC8-A816-E20EB67E69F7}
		{98C428AB-33AC-4C94-94F1-B60B3D1BB21D} = {A8B62410-3B42-4AC8-A816-E20EB67E69F7}
		{160252EF-3ACF-42FC-8585-9D32F74BA061} = {CC476D35-FC92-4A7A-9417-BC7B684CC7C9}
		{76ADD1E9-1B7F-4D7C-9A6C-49BB16D4EED9} = {1EBD9886-9956-4A47-888C-8881820663B3}
		{DBB00872-F8CE-4926-AD2E-9F7C031D883A} = {1EBD9886-9956-4A47-888C-8881820663B3}
		{30957373-4678-4106-91F5-CB3D4449DC96} = {1EBD9886-9956-4A47-888C-8881820663B3}
		{C0147B46-ADB7-4753-A992-FAFFA8363FE7} = {1EBD9886-9956-4A47-888C-8881820663B3}
		{F386C92D-9D97-43B8-AB17-3EFA6688E1E3} = {1EBD9886-9956-4A47-888C-8881820663B3}
		{8356B2F9-F6FB-407F-B3F8-DE14C2D02D9E} = {1EBD9886-9956-4A47-888C-8881820663B3}
	EndGlobalSection
	GlobalSection(ExtensibilityGlobals) = postSolution
		SolutionGuid = {8363CC56-43B8-49A6-8901-77C99E1D5C39}
	EndGlobalSection
EndGlobal
